
Microsoft Visual Studio Solution File, Format Version 12.00
# Visual Studio Version 17
VisualStudioVersion = 17.5.33516.290
MinimumVisualStudioVersion = 10.0.40219.1
Project("{FAE04EC0-301F-11D3-BF4B-00C04F79EFBC}") = "Crud Entity", "Crud Entity\Crud Entity.csproj", "{B338507B-9BB7-4472-9A7A-DA82C628E5BA}"
EndProject
Global
	GlobalSection(SolutionConfigurationPlatforms) = preSolution
		Debug|Any CPU = Debug|Any CPU
		Release|Any CPU = Release|Any CPU
	EndGlobalSection
	GlobalSection(ProjectConfigurationPlatforms) = postSolution
		{B338507B-9BB7-4472-9A7A-DA82C628E5BA}.Debug|Any CPU.ActiveCfg = Debug|Any CPU
		{B338507B-9BB7-4472-9A7A-DA82C628E5BA}.Debug|Any CPU.Build.0 = Debug|Any CPU
		{B338507B-9BB7-4472-9A7A-DA82C628E5BA}.Release|Any CPU.ActiveCfg = Release|Any CPU
		{B338507B-9BB7-4472-9A7A-DA82C628E5BA}.Release|Any CPU.Build.0 = Release|Any CPU
	EndGlobalSection
	GlobalSection(SolutionProperties) = preSolution
		HideSolutionNode = FALSE
	EndGlobalSection
	GlobalSection(ExtensibilityGlobals) = postSolution
		SolutionGuid = {F3BAA7F1-F700-48A7-A5B2-5E05CBC8D8B7}
	EndGlobalSection
EndGlobal
